{
  "name": "meknow-p2p",
  "version": "1.0.0",
  "lockfileVersion": 3,
  "requires": true,
  "packages": {
    "": {
      "name": "meknow-p2p",
      "version": "1.0.0",
      "dependencies": {
        "@momics/iroh-http-node": "^0.6.2"
      }
    },
    "node_modules/@momics/iroh-http-node": {
      "version": "0.6.2",
      "resolved": "https://registry.npmjs.org/@momics/iroh-http-node/-/iroh-http-node-0.6.2.tgz",
      "integrity": "sha512-2hRfSjI5SjV/H1HjUmJEvICxgHi/Abvq8nLZIVlP5foR8oeTPSgReVvmgUDWsC0rXgyTOCfP6ZlXIdKXWQrbMw==",
      "cpu": [
        "x64",
        "arm64"
      ],
      "license": "(MIT OR Apache-2.0)",
      "os": [
        "darwin",
        "linux",
        "win32"
      ],
      "dependencies": {
        "@momics/iroh-http-shared": "^0.6"
      },
      "optionalDependencies": {
        "@momics/iroh-http-node-darwin-arm64": "0.6.2",
        "@momics/iroh-http-node-darwin-x64": "0.6.2",
        "@momics/iroh-http-node-linux-arm64-gnu": "0.6.2",
        "@momics/iroh-http-node-linux-x64-gnu": "0.6.2",
        "@momics/iroh-http-node-win32-x64-msvc": "0.6.2"
      }
    },
    "node_modules/@momics/iroh-http-node-darwin-arm64": {
      "version": "0.6.2",
      "resolved": "https://registry.npmjs.org/@momics/iroh-http-node-darwin-arm64/-/iroh-http-node-darwin-arm64-0.6.2.tgz",
      "integrity": "sha512-eps+HUdHYV2FjWjromvGJ+DepI4Zxl6rIInLzUsUXR/MkiIUP0XMBkEZYEpc/Vnx2xgqcdDFd+dNsSubtWb+nQ==",
      "cpu": [
        "arm64"
      ],
      "license": "(MIT OR Apache-2.0)",
      "optional": true,
      "os": [
        "darwin"
      ]
    },
    "node_modules/@momics/iroh-http-node-darwin-x64": {
      "version": "0.6.2",
      "resolved": "https://registry.npmjs.org/@momics/iroh-http-node-darwin-x64/-/iroh-http-node-darwin-x64-0.6.2.tgz",
      "integrity": "sha512-ZhIyDJoXUGkKCr5o2S4MTH3FacD1PMy3lxVRbAxl40UnZy6la2sX26SW+O5xHdLv8n44q2zcHBDxaDOdpQ22lQ==",
      "cpu": [
        "x64"
      ],
      "license": "(MIT OR Apache-2.0)",
      "optional": true,
      "os": [
        "darwin"
      ]
    },
    "node_modules/@momics/iroh-http-node-linux-arm64-gnu": {
      "version": "0.6.2",
      "resolved": "https://registry.npmjs.org/@momics/iroh-http-node-linux-arm64-gnu/-/iroh-http-node-linux-arm64-gnu-0.6.2.tgz",
      "integrity": "sha512-UYZeafY/XLpjVw1tby2MfrGYvXVycW7cS0exZknnydy4yfgNJCyW6inoyqOAO458B++0kqe9FgTAiLKc0RpWZw==",
      "cpu": [
        "arm64"
      ],
      "license": "(MIT OR Apache-2.0)",
      "optional": true,
      "os": [
        "linux"
      ]
    },
    "node_modules/@momics/iroh-http-node-linux-x64-gnu": {
      "version": "0.6.2",
      "resolved": "https://registry.npmjs.org/@momics/iroh-http-node-linux-x64-gnu/-/iroh-http-node-linux-x64-gnu-0.6.2.tgz",
      "integrity": "sha512-J0i7ZoelLiq2l0tHFYBVTDLmRSRASOK5Ohx2RwAwyK0pRQqH4ozbeabiLwfChS8Kz0GZI8clk17t2G7xJPDlPA==",
      "cpu": [
        "x64"
      ],
      "license": "(MIT OR Apache-2.0)",
      "optional": true,
      "os": [
        "linux"
      ]
    },
    "node_modules/@momics/iroh-http-node-win32-x64-msvc": {
      "version": "0.6.2",
      "resolved": "https://registry.npmjs.org/@momics/iroh-http-node-win32-x64-msvc/-/iroh-http-node-win32-x64-msvc-0.6.2.tgz",
      "integrity": "sha512-8iZVw/y8XD0KpiZJ0Pf1QRZ+HW7zIgGszsJO9NFpruPdll4KjEz3/yFx8OJUu9zo0GKyjw0fL7BXuBBFCJG5mA==",
      "cpu": [
        "x64"
      ],
      "license": "(MIT OR Apache-2.0)",
      "optional": true,
      "os": [
        "win32"
      ]
    },
    "node_modules/@momics/iroh-http-shared": {
      "version": "0.6.2",
      "resolved": "https://registry.npmjs.org/@momics/iroh-http-shared/-/iroh-http-shared-0.6.2.tgz",
      "integrity": "sha512-iywWMg6IWwUqhVWUXpe2K01WZVi0h9gu9QIr2t70lBU7gsiPGXdKvRMmWhsFeOM6duQDWIhdAjHMzRcfEKQFkw==",
      "license": "(MIT OR Apache-2.0)"
    }
  }
}
